
Microsoft Visual Studio Solution File, Format Version 12.00
# Visual Studio Version 16
VisualStudioVersion = 16.0.31624.102
MinimumVisualStudioVersion = 10.0.40219.1
Project("{9A19103F-16F7-4668-BE54-9A1E7A4F7556}") = "EdSight", "EdSight\EdSight.csproj", "{88E89C3E-1B33-4F89-AD9F-6C3D030C4A1E}"
EndProject
Project("{FAE04EC0-301F-11D3-BF4B-00C04F79EFBC}") = "EdSightProjectTests", "EdSightProjectTests\EdSightProjectTests.csproj", "{516527F2-6ECB-41EB-9A60-8E38132F7C65}"
EndProject
Global
	GlobalSection(SolutionConfigurationPlatforms) = preSolution
		Debug|Any CPU = Debug|Any CPU
		Release|Any CPU = Release|Any CPU
	EndGlobalSection
	GlobalSection(ProjectConfigurationPlatforms) = postSolution
		{88E89C3E-1B33-4F89-AD9F-6C3D030C4A1E}.Debug|Any CPU.ActiveCfg = Debug|Any CPU
		{88E89C3E-1B33-4F89-AD9F-6C3D030C4A1E}.Debug|Any CPU.Build.0 = Debug|Any CPU
		{88E89C3E-1B33-4F89-AD9F-6C3D030C4A1E}.Release|Any CPU.ActiveCfg = Release|Any CPU
		{88E89C3E-1B33-4F89-AD9F-6C3D030C4A1E}.Release|Any CPU.Build.0 = Release|Any CPU
		{516527F2-6ECB-41EB-9A60-8E38132F7C65}.Debug|Any CPU.ActiveCfg = Debug|Any CPU
		{516527F2-6ECB-41EB-9A60-8E38132F7C65}.Debug|Any CPU.Build.0 = Debug|Any CPU
		{516527F2-6ECB-41EB-9A60-8E38132F7C65}.Release|Any CPU.ActiveCfg = Release|Any CPU
		{516527F2-6ECB-41EB-9A60-8E38132F7C65}.Release|Any CPU.Build.0 = Release|Any CPU
	EndGlobalSection
	GlobalSection(SolutionProperties) = preSolution
		HideSolutionNode = FALSE
	EndGlobalSection
	GlobalSection(ExtensibilityGlobals) = postSolution
		SolutionGuid = {3B8A1184-21B6-44BC-996A-B028BC35A701}
	EndGlobalSection
EndGlobal
